{
  "name": "bascik-docs",
  "version": "1.0.0",
  "lockfileVersion": 3,
  "requires": true,
  "packages": {
    "": {
      "name": "bascik-docs",
      "version": "1.0.0",
      "license": "AGPL-3.0-only",
      "dependencies": {
        "@bascik/bascik": "file:../pkg/bascik-bascik-0.2.0.tgz"
      }
    },
    "node_modules/@bascik/bascik": {
      "version": "0.2.0",
      "resolved": "file:../pkg/bascik-bascik-0.2.0.tgz",
      "integrity": "sha512-GQKoL5Vm6nWF9+U1yr5q0Uyo4iphPMKX49/emv+5gMSGBgPBrh2bsravwbpDUQEMPke7WuYt170e+ZJKTvSYHw==",
      "license": "AGPL-3.0-only",
      "dependencies": {
        "chokidar": "^5.0.0"
      },
      "bin": {
        "bascik": "dist/transpile.js"
      },
      "engines": {
        "node": ">=24.17.0"
      }
    },
    "node_modules/chokidar": {
      "version": "5.0.0",
      "resolved": "https://ffn.jfrog.io/artifactory/api/npm/npm/chokidar/-/chokidar-5.0.0.tgz",
      "integrity": "sha512-TQMmc3w+5AxjpL8iIiwebF73dRDF4fBIieAqGn9RGCWaEVwQ6Fb2cGe31Yns0RRIzii5goJ1Y7xbMwo1TxMplw==",
      "license": "MIT",
      "dependencies": {
        "readdirp": "^5.0.0"
      },
      "engines": {
        "node": ">= 20.19.0"
      },
      "funding": {
        "url": "https://paulmillr.com/funding/"
      }
    },
    "node_modules/readdirp": {
      "version": "5.0.0",
      "resolved": "https://ffn.jfrog.io/artifactory/api/npm/npm/readdirp/-/readdirp-5.0.0.tgz",
      "integrity": "sha512-9u/XQ1pvrQtYyMpZe7DXKv2p5CNvyVwzUB6uhLAnQwHMSgKMBR62lc7AHljaeteeHXn11XTAaLLUVZYVZyuRBQ==",
      "license": "MIT",
      "engines": {
        "node": ">= 20.19.0"
      },
      "funding": {
        "type": "individual",
        "url": "https://paulmillr.com/funding/"
      }
    }
  }
}
